// !$*UTF8*$!
{
	archiveVersion = 1;
	classes = {
	};
	objectVersion = 56;
	objects = {

/* Begin PBXBuildFile section */
		1BD21EA2403666E01E6E8CC5 /* liberlang.xcframework in Frameworks */ = {isa = PBXBuildFile; fileRef = 1A82EADBBA78CFBC47B33CAD /* liberlang.xcframework */; };
		303B8DB3D6AAF589CF03A551 /* Bridge.swift in Sources */ = {isa = PBXBuildFile; fileRef = F9D8753701D4579EE37CF1D5 /* Bridge.swift */; };
		327D0A3A1F67E538935CBA31 /* ContentView.swift in Sources */ = {isa = PBXBuildFile; fileRef = 56721FF163DF26AE8C5A4680 /* ContentView.swift */; };
		36F0A5D8CCC1ABBB99846DC8 /* native-lib.cpp in Sources */ = {isa = PBXBuildFile; fileRef = 579572DEA51AAFCA0C537361 /* native-lib.cpp */; };
		3E19A0E05388CFEEE0B9B071 /* WebView.swift in Sources */ = {isa = PBXBuildFile; fileRef = D5A10FD0515B6CB6B356EA47 /* WebView.swift */; };
		7B4D41872191B74198F020F4 /* ZIPFoundation.xcframework in Embed Frameworks */ = {isa = PBXBuildFile; fileRef = BF05C93A511D1A32515E0806 /* ZIPFoundation.xcframework */; settings = {ATTRIBUTES = (CodeSignOnCopy, RemoveHeadersOnCopy, ); }; };
		84451AD9F1516E316A1A9C42 /* TutorialNotification.swift in Sources */ = {isa = PBXBuildFile; fileRef = BB1D71DF6A9561A0AC466326 /* TutorialNotification.swift */; };
		ABB8AB36E1A7A284E9F30953 /* Assets.xcassets in Resources */ = {isa = PBXBuildFile; fileRef = EAA47E73442C4E11741EF3EA /* Assets.xcassets */; };
		B10071239D4C9F533CF9912E /* app.zip in Resources */ = {isa = PBXBuildFile; fileRef = A17AD25AC48F20F55239BD8D /* app.zip */; };
		C490D9CE8EE21AF3A9D91047 /* WebViewController.swift in Sources */ = {isa = PBXBuildFile; fileRef = CE63C2602A6E6C61F5E6CE4B /* WebViewController.swift */; };
		C8D54576E15925356087E83D /* ZIPFoundation.xcframework in Frameworks */ = {isa = PBXBuildFile; fileRef = BF05C93A511D1A32515E0806 /* ZIPFoundation.xcframework */; };
		F024FB9E63BAA9AB9F14A07E /* Preview Assets.xcassets in Resources */ = {isa = PBXBuildFile; fileRef = B9623D3AE9050A4AC0838E98 /* Preview Assets.xcassets */; };
/* End PBXBuildFile section */

/* Begin PBXCopyFilesBuildPhase section */
		877583819BCA13A5979F6B6F /* Embed Frameworks */ = {
			isa = PBXCopyFilesBuildPhase;
			buildActionMask = 2147483647;
			dstPath = "";
			dstSubfolderSpec = 10;
			files = (
				7B4D41872191B74198F020F4 /* ZIPFoundation.xcframework in Embed Frameworks */,
			);
			name = "Embed Frameworks";
			runOnlyForDeploymentPostprocessing = 0;
		};
/* End PBXCopyFilesBuildPhase section */

/* Begin PBXFileReference section */
		1A82EADBBA78CFBC47B33CAD /* liberlang.xcframework */ = {isa = PBXFileReference; lastKnownFileType = wrapper.xcframework; path = liberlang.xcframework; sourceTree = "<group>"; };
		56721FF163DF26AE8C5A4680 /* ContentView.swift */ = {isa = PBXFileReference; lastKnownFileType = sourcecode.swift; path = ContentView.swift; sourceTree = "<group>"; };
		579572DEA51AAFCA0C537361 /* native-lib.cpp */ = {isa = PBXFileReference; lastKnownFileType = sourcecode.cpp.cpp; path = "native-lib.cpp"; sourceTree = "<group>"; };
		6734405B2D8B02BC0F19B55D /* example-Bridging-Header.h */ = {isa = PBXFileReference; lastKnownFileType = sourcecode.c.h; path = "example-Bridging-Header.h"; sourceTree = "<group>"; };
		A17AD25AC48F20F55239BD8D /* app.zip */ = {isa = PBXFileReference; lastKnownFileType = archive.zip; path = app.zip; sourceTree = "<group>"; };
		B9623D3AE9050A4AC0838E98 /* Preview Assets.xcassets */ = {isa = PBXFileReference; lastKnownFileType = folder.assetcatalog; path = "Preview Assets.xcassets"; sourceTree = "<group>"; };
		BB1D71DF6A9561A0AC466326 /* TutorialNotification.swift */ = {isa = PBXFileReference; lastKnownFileType = sourcecode.swift; path = TutorialNotification.swift; sourceTree = "<group>"; };
		BC9824F241257C92C5CD876E /* native-lib.hpp */ = {isa = PBXFileReference; lastKnownFileType = sourcecode.cpp.h; path = "native-lib.hpp"; sourceTree = "<group>"; };
		BF05C93A511D1A32515E0806 /* ZIPFoundation.xcframework */ = {isa = PBXFileReference; lastKnownFileType = wrapper.xcframework; name = ZIPFoundation.xcframework; path = Carthage/Build/ZIPFoundation.xcframework; sourceTree = "<group>"; };
		CE63C2602A6E6C61F5E6CE4B /* WebViewController.swift */ = {isa = PBXFileReference; lastKnownFileType = sourcecode.swift; path = WebViewController.swift; sourceTree = "<group>"; };
		D5A10FD0515B6CB6B356EA47 /* WebView.swift */ = {isa = PBXFileReference; lastKnownFileType = sourcecode.swift; path = WebView.swift; sourceTree = "<group>"; };
		EAA47E73442C4E11741EF3EA /* Assets.xcassets */ = {isa = PBXFileReference; lastKnownFileType = folder.assetcatalog; path = Assets.xcassets; sourceTree = "<group>"; };
		F9D8753701D4579EE37CF1D5 /* Bridge.swift */ = {isa = PBXFileReference; lastKnownFileType = sourcecode.swift; path = Bridge.swift; sourceTree = "<group>"; };
		FDA0F51DBACBF7B5CF251F19 /* TutorialNotification.app */ = {isa = PBXFileReference; explicitFileType = wrapper.application; includeInIndex = 0; path = TutorialNotification.app; sourceTree = BUILT_PRODUCTS_DIR; };
/* End PBXFileReference section */

/* Begin PBXFrameworksBuildPhase section */
		3C670578EDE16C4D8DCA258D /* Frameworks */ = {
			isa = PBXFrameworksBuildPhase;
			buildActionMask = 2147483647;
			files = (
				C8D54576E15925356087E83D /* ZIPFoundation.xcframework in Frameworks */,
				1BD21EA2403666E01E6E8CC5 /* liberlang.xcframework in Frameworks */,
			);
			runOnlyForDeploymentPostprocessing = 0;
		};
/* End PBXFrameworksBuildPhase section */

/* Begin PBXGroup section */
		183B3FEBF9AF74BB42192D36 /* Products */ = {
			isa = PBXGroup;
			children = (
				FDA0F51DBACBF7B5CF251F19 /* TutorialNotification.app */,
			);
			name = Products;
			sourceTree = "<group>";
		};
		1B7FD15E82E4F06D4853DE81 /* Frameworks */ = {
			isa = PBXGroup;
			children = (
				1A82EADBBA78CFBC47B33CAD /* liberlang.xcframework */,
				BF05C93A511D1A32515E0806 /* ZIPFoundation.xcframework */,
			);
			name = Frameworks;
			sourceTree = "<group>";
		};
		6D74F5480D284DC47CDAC650 = {
			isa = PBXGroup;
			children = (
				C523B8BF6CC0133888F37460 /* TutorialNotification */,
				6734405B2D8B02BC0F19B55D /* example-Bridging-Header.h */,
				579572DEA51AAFCA0C537361 /* native-lib.cpp */,
				BC9824F241257C92C5CD876E /* native-lib.hpp */,
				1B7FD15E82E4F06D4853DE81 /* Frameworks */,
				183B3FEBF9AF74BB42192D36 /* Products */,
			);
			sourceTree = "<group>";
		};
		C523B8BF6CC0133888F37460 /* TutorialNotification */ = {
			isa = PBXGroup;
			children = (
				E1B5B5341037EE13703C0EB4 /* Preview Content */,
				A17AD25AC48F20F55239BD8D /* app.zip */,
				EAA47E73442C4E11741EF3EA /* Assets.xcassets */,
				F9D8753701D4579EE37CF1D5 /* Bridge.swift */,
				56721FF163DF26AE8C5A4680 /* ContentView.swift */,
				BB1D71DF6A9561A0AC466326 /* TutorialNotification.swift */,
				D5A10FD0515B6CB6B356EA47 /* WebView.swift */,
				CE63C2602A6E6C61F5E6CE4B /* WebViewController.swift */,
			);
			path = TutorialNotification;
			sourceTree = "<group>";
		};
		E1B5B5341037EE13703C0EB4 /* Preview Content */ = {
			isa = PBXGroup;
			children = (
				B9623D3AE9050A4AC0838E98 /* Preview Assets.xcassets */,
			);
			path = "Preview Content";
			sourceTree = "<group>";
		};
/* End PBXGroup section */

/* Begin PBXNativeTarget section */
		20C66E6906C78E3F08D72A94 /* TutorialNotification */ = {
			isa = PBXNativeTarget;
			buildConfigurationList = 9E340E5B3A822EA8347D9725 /* Build configuration list for PBXNativeTarget "TutorialNotification" */;
			buildPhases = (
				B789A437F121018EA51F820C /* Sources */,
				6CE2154F8ADB0BEBD22CAB8E /* build elixir */,
				4CC3CC09C52BECE77A707D81 /* Resources */,
				3C670578EDE16C4D8DCA258D /* Frameworks */,
				877583819BCA13A5979F6B6F /* Embed Frameworks */,
			);
			buildRules = (
			);
			dependencies = (
			);
			name = TutorialNotification;
			productName = TutorialNotification;
			productReference = FDA0F51DBACBF7B5CF251F19 /* TutorialNotification.app */;
			productType = "com.apple.product-type.application";
		};
/* End PBXNativeTarget section */

/* Begin PBXProject section */
		CF014D2B51314438F0D8FF7F /* Project object */ = {
			isa = PBXProject;
			attributes = {
				BuildIndependentTargetsInParallel = YES;
				LastUpgradeCheck = 1430;
			};
			buildConfigurationList = B4B92494A6DA0067E3B3B6FE /* Build configuration list for PBXProject "TutorialNotification" */;
			compatibilityVersion = "Xcode 14.0";
			developmentRegion = en;
			hasScannedForEncodings = 0;
			knownRegions = (
				Base,
				en,
			);
			mainGroup = 6D74F5480D284DC47CDAC650;
			projectDirPath = "";
			projectRoot = "";
			targets = (
				20C66E6906C78E3F08D72A94 /* TutorialNotification */,
			);
		};
/* End PBXProject section */

/* Begin PBXResourcesBuildPhase section */
		4CC3CC09C52BECE77A707D81 /* Resources */ = {
			isa = PBXResourcesBuildPhase;
			buildActionMask = 2147483647;
			files = (
				ABB8AB36E1A7A284E9F30953 /* Assets.xcassets in Resources */,
				F024FB9E63BAA9AB9F14A07E /* Preview Assets.xcassets in Resources */,
				B10071239D4C9F533CF9912E /* app.zip in Resources */,
			);
			runOnlyForDeploymentPostprocessing = 0;
		};
/* End PBXResourcesBuildPhase section */

/* Begin PBXShellScriptBuildPhase section */
		6CE2154F8ADB0BEBD22CAB8E /* build elixir */ = {
			isa = PBXShellScriptBuildPhase;
			alwaysOutOfDate = 1;
			buildActionMask = 2147483647;
			files = (
			);
			inputFileListPaths = (
			);
			inputPaths = (
			);
			name = "build elixir";
			outputFileListPaths = (
			);
			outputPaths = (
			);
			runOnlyForDeploymentPostprocessing = 0;
			shellPath = /bin/sh;
			shellScript = "#!/bin/bash\nset -e\n\n./run_mix";
		};
/* End PBXShellScriptBuildPhase section */

/* Begin PBXSourcesBuildPhase section */
		B789A437F121018EA51F820C /* Sources */ = {
			isa = PBXSourcesBuildPhase;
			buildActionMask = 2147483647;
			files = (
				303B8DB3D6AAF589CF03A551 /* Bridge.swift in Sources */,
				327D0A3A1F67E538935CBA31 /* ContentView.swift in Sources */,
				84451AD9F1516E316A1A9C42 /* TutorialNotification.swift in Sources */,
				3E19A0E05388CFEEE0B9B071 /* WebView.swift in Sources */,
				C490D9CE8EE21AF3A9D91047 /* WebViewController.swift in Sources */,
				36F0A5D8CCC1ABBB99846DC8 /* native-lib.cpp in Sources */,
			);
			runOnlyForDeploymentPostprocessing = 0;
		};
/* End PBXSourcesBuildPhase section */

/* Begin XCBuildConfiguration section */
		54D02138AEE36694CDD390A3 /* Release */ = {
			isa = XCBuildConfiguration;
			buildSettings = {
				ALWAYS_SEARCH_USER_PATHS = NO;
				CLANG_ANALYZER_NONNULL = YES;
				CLANG_ANALYZER_NUMBER_OBJECT_CONVERSION = YES_AGGRESSIVE;
				CLANG_CXX_LANGUAGE_STANDARD = "gnu++14";
				CLANG_CXX_LIBRARY = "libc++";
				CLANG_ENABLE_MODULES = YES;
				CLANG_ENABLE_OBJC_ARC = YES;
				CLANG_ENABLE_OBJC_WEAK = YES;
				CLANG_WARN_BLOCK_CAPTURE_AUTORELEASING = YES;
				CLANG_WARN_BOOL_CONVERSION = YES;
				CLANG_WARN_COMMA = YES;
				CLANG_WARN_CONSTANT_CONVERSION = YES;
				CLANG_WARN_DEPRECATED_OBJC_IMPLEMENTATIONS = YES;
				CLANG_WARN_DIRECT_OBJC_ISA_USAGE = YES_ERROR;
				CLANG_WARN_DOCUMENTATION_COMMENTS = YES;
				CLANG_WARN_EMPTY_BODY = YES;
				CLANG_WARN_ENUM_CONVERSION = YES;
				CLANG_WARN_INFINITE_RECURSION = YES;
				CLANG_WARN_INT_CONVERSION = YES;
				CLANG_WARN_NON_LITERAL_NULL_CONVERSION = YES;
				CLANG_WARN_OBJC_IMPLICIT_RETAIN_SELF = YES;
				CLANG_WARN_OBJC_LITERAL_CONVERSION = YES;
				CLANG_WARN_OBJC_ROOT_CLASS = YES_ERROR;
				CLANG_WARN_QUOTED_INCLUDE_IN_FRAMEWORK_HEADER = YES;
				CLANG_WARN_RANGE_LOOP_ANALYSIS = YES;
				CLANG_WARN_STRICT_PROTOTYPES = YES;
				CLANG_WARN_SUSPICIOUS_MOVE = YES;
				CLANG_WARN_UNGUARDED_AVAILABILITY = YES_AGGRESSIVE;
				CLANG_WARN_UNREACHABLE_CODE = YES;
				CLANG_WARN__DUPLICATE_METHOD_MATCH = YES;
				COPY_PHASE_STRIP = NO;
				CURRENT_PROJECT_VERSION = 1.0;
				DEBUG_INFORMATION_FORMAT = "dwarf-with-dsym";
				ENABLE_NS_ASSERTIONS = NO;
				ENABLE_STRICT_OBJC_MSGSEND = YES;
				ENABLE_USER_SCRIPT_SANDBOXING = NO;
				GCC_C_LANGUAGE_STANDARD = gnu11;
				GCC_NO_COMMON_BLOCKS = YES;
				GCC_WARN_64_TO_32_BIT_CONVERSION = YES;
				GCC_WARN_ABOUT_RETURN_TYPE = YES_ERROR;
				GCC_WARN_UNDECLARED_SELECTOR = YES;
				GCC_WARN_UNINITIALIZED_AUTOS = YES_AGGRESSIVE;
				GCC_WARN_UNUSED_FUNCTION = YES;
				GCC_WARN_UNUSED_VARIABLE = YES;
				GENERATE_INFOPLIST_FILE = YES;
				INFOPLIST_KEY_CFBundleDisplayName = "${DEKSTOP_APP_NAME}";
				INFOPLIST_KEY_UILaunchScreen_Generation = YES;
				INFOPLIST_KEY_WKCompanionAppBundleIdentifier = com.example.TutorialNotification;
				INFOPLIST_KEY_WKRunsIndependentlyOfCompanionApp = YES;
				IPHONEOS_DEPLOYMENT_TARGET = 17.4;
				MACOSX_DEPLOYMENT_TARGET = 13.0;
				MARKETING_VERSION = 1.0;
				MTL_ENABLE_DEBUG_INFO = NO;
				MTL_FAST_MATH = YES;
				PRODUCT_NAME = "$(TARGET_NAME)";
				SDKROOT = auto;
				SWIFT_COMPILATION_MODE = wholemodule;
				SWIFT_OPTIMIZATION_LEVEL = "-O";
				SWIFT_VERSION = 5.0;
				TVOS_DEPLOYMENT_TARGET = 16.0;
				WATCHOS_DEPLOYMENT_TARGET = 9.0;
			};
			name = Release;
		};
		67175BDBBE2EBD3B8842C6A6 /* Debug */ = {
			isa = XCBuildConfiguration;
			buildSettings = {
				ALWAYS_SEARCH_USER_PATHS = NO;
				CLANG_ANALYZER_NONNULL = YES;
				CLANG_ANALYZER_NUMBER_OBJECT_CONVERSION = YES_AGGRESSIVE;
				CLANG_CXX_LANGUAGE_STANDARD = "gnu++14";
				CLANG_CXX_LIBRARY = "libc++";
				CLANG_ENABLE_MODULES = YES;
				CLANG_ENABLE_OBJC_ARC = YES;
				CLANG_ENABLE_OBJC_WEAK = YES;
				CLANG_WARN_BLOCK_CAPTURE_AUTORELEASING = YES;
				CLANG_WARN_BOOL_CONVERSION = YES;
				CLANG_WARN_COMMA = YES;
				CLANG_WARN_CONSTANT_CONVERSION = YES;
				CLANG_WARN_DEPRECATED_OBJC_IMPLEMENTATIONS = YES;
				CLANG_WARN_DIRECT_OBJC_ISA_USAGE = YES_ERROR;
				CLANG_WARN_DOCUMENTATION_COMMENTS = YES;
				CLANG_WARN_EMPTY_BODY = YES;
				CLANG_WARN_ENUM_CONVERSION = YES;
				CLANG_WARN_INFINITE_RECURSION = YES;
				CLANG_WARN_INT_CONVERSION = YES;
				CLANG_WARN_NON_LITERAL_NULL_CONVERSION = YES;
				CLANG_WARN_OBJC_IMPLICIT_RETAIN_SELF = YES;
				CLANG_WARN_OBJC_LITERAL_CONVERSION = YES;
				CLANG_WARN_OBJC_ROOT_CLASS = YES_ERROR;
				CLANG_WARN_QUOTED_INCLUDE_IN_FRAMEWORK_HEADER = YES;
				CLANG_WARN_RANGE_LOOP_ANALYSIS = YES;
				CLANG_WARN_STRICT_PROTOTYPES = YES;
				CLANG_WARN_SUSPICIOUS_MOVE = YES;
				CLANG_WARN_UNGUARDED_AVAILABILITY = YES_AGGRESSIVE;
				CLANG_WARN_UNREACHABLE_CODE = YES;
				CLANG_WARN__DUPLICATE_METHOD_MATCH = YES;
				COPY_PHASE_STRIP = NO;
				CURRENT_PROJECT_VERSION = 1.0;
				DEBUG_INFORMATION_FORMAT = dwarf;
				ENABLE_STRICT_OBJC_MSGSEND = YES;
				ENABLE_TESTABILITY = YES;
				ENABLE_USER_SCRIPT_SANDBOXING = NO;
				GCC_C_LANGUAGE_STANDARD = gnu11;
				GCC_DYNAMIC_NO_PIC = NO;
				GCC_NO_COMMON_BLOCKS = YES;
				GCC_OPTIMIZATION_LEVEL = 0;
				GCC_PREPROCESSOR_DEFINITIONS = (
					"$(inherited)",
					"DEBUG=1",
				);
				GCC_WARN_64_TO_32_BIT_CONVERSION = YES;
				GCC_WARN_ABOUT_RETURN_TYPE = YES_ERROR;
				GCC_WARN_UNDECLARED_SELECTOR = YES;
				GCC_WARN_UNINITIALIZED_AUTOS = YES_AGGRESSIVE;
				GCC_WARN_UNUSED_FUNCTION = YES;
				GCC_WARN_UNUSED_VARIABLE = YES;
				GENERATE_INFOPLIST_FILE = YES;
				INFOPLIST_KEY_CFBundleDisplayName = "${DEKSTOP_APP_NAME}";
				INFOPLIST_KEY_UILaunchScreen_Generation = YES;
				INFOPLIST_KEY_WKCompanionAppBundleIdentifier = com.example.TutorialNotification;
				INFOPLIST_KEY_WKRunsIndependentlyOfCompanionApp = YES;
				IPHONEOS_DEPLOYMENT_TARGET = 17.4;
				MACOSX_DEPLOYMENT_TARGET = 13.0;
				MARKETING_VERSION = 1.0;
				MTL_ENABLE_DEBUG_INFO = INCLUDE_SOURCE;
				MTL_FAST_MATH = YES;
				ONLY_ACTIVE_ARCH = YES;
				PRODUCT_NAME = "$(TARGET_NAME)";
				SDKROOT = auto;
				SWIFT_ACTIVE_COMPILATION_CONDITIONS = DEBUG;
				SWIFT_OPTIMIZATION_LEVEL = "-Onone";
				SWIFT_VERSION = 5.0;
				TVOS_DEPLOYMENT_TARGET = 16.0;
				WATCHOS_DEPLOYMENT_TARGET = 9.0;
			};
			name = Debug;
		};
		87D5D8203533BA511C2BBE68 /* Release */ = {
			isa = XCBuildConfiguration;
			buildSettings = {
				ASSETCATALOG_COMPILER_APPICON_NAME = AppIcon;
				CODE_SIGN_IDENTITY = "iPhone Developer";
				DEVELOPMENT_TEAM = F3Z79HHM87;
				FRAMEWORK_SEARCH_PATHS = (
					"$(inherited)",
					"\".\"",
					"\"Carthage/Build\"",
				);
				INFOPLIST_KEY_CFBundleDisplayName = "";
				INFOPLIST_KEY_UILaunchScreen_Generation = YES;
				INFOPLIST_KEY_WKCompanionAppBundleIdentifier = com.example.TutorialNotification;
				INFOPLIST_KEY_WKRunsIndependentlyOfCompanionApp = YES;
				LD_RUNPATH_SEARCH_PATHS = (
					"$(inherited)",
					"@executable_path/Frameworks",
				);
				PRODUCT_BUNDLE_IDENTIFIER = "com.black-tanutanu.TutorialNotification";
				SDKROOT = auto;
				SUPPORTED_PLATFORMS = "iphoneos iphonesimulator";
				SUPPORTS_MACCATALYST = NO;
				SUPPORTS_MAC_DESIGNED_FOR_IPHONE_IPAD = YES;
				SUPPORTS_XR_DESIGNED_FOR_IPHONE_IPAD = YES;
				SWIFT_OBJC_BRIDGING_HEADER = "example-Bridging-Header.h";
				TARGETED_DEVICE_FAMILY = "1,2";
			};
			name = Release;
		};
		EACD11A7A3E741A94EE185A1 /* Debug */ = {
			isa = XCBuildConfiguration;
			buildSettings = {
				ASSETCATALOG_COMPILER_APPICON_NAME = AppIcon;
				CODE_SIGN_IDENTITY = "iPhone Developer";
				DEVELOPMENT_TEAM = F3Z79HHM87;
				FRAMEWORK_SEARCH_PATHS = (
					"$(inherited)",
					"\".\"",
					"\"Carthage/Build\"",
				);
				INFOPLIST_KEY_CFBundleDisplayName = "";
				INFOPLIST_KEY_UILaunchScreen_Generation = YES;
				INFOPLIST_KEY_WKCompanionAppBundleIdentifier = com.example.TutorialNotification;
				INFOPLIST_KEY_WKRunsIndependentlyOfCompanionApp = YES;
				LD_RUNPATH_SEARCH_PATHS = (
					"$(inherited)",
					"@executable_path/Frameworks",
				);
				PRODUCT_BUNDLE_IDENTIFIER = "com.black-tanutanu.TutorialNotification";
				SDKROOT = auto;
				SUPPORTED_PLATFORMS = "iphoneos iphonesimulator";
				SUPPORTS_MACCATALYST = NO;
				SUPPORTS_MAC_DESIGNED_FOR_IPHONE_IPAD = YES;
				SUPPORTS_XR_DESIGNED_FOR_IPHONE_IPAD = YES;
				SWIFT_OBJC_BRIDGING_HEADER = "example-Bridging-Header.h";
				TARGETED_DEVICE_FAMILY = "1,2";
			};
			name = Debug;
		};
/* End XCBuildConfiguration section */

/* Begin XCConfigurationList section */
		9E340E5B3A822EA8347D9725 /* Build configuration list for PBXNativeTarget "TutorialNotification" */ = {
			isa = XCConfigurationList;
			buildConfigurations = (
				EACD11A7A3E741A94EE185A1 /* Debug */,
				87D5D8203533BA511C2BBE68 /* Release */,
			);
			defaultConfigurationIsVisible = 0;
			defaultConfigurationName = Debug;
		};
		B4B92494A6DA0067E3B3B6FE /* Build configuration list for PBXProject "TutorialNotification" */ = {
			isa = XCConfigurationList;
			buildConfigurations = (
				67175BDBBE2EBD3B8842C6A6 /* Debug */,
				54D02138AEE36694CDD390A3 /* Release */,
			);
			defaultConfigurationIsVisible = 0;
			defaultConfigurationName = Debug;
		};
/* End XCConfigurationList section */
	};
	rootObject = CF014D2B51314438F0D8FF7F /* Project object */;
}
